// !$*UTF8*$!
{
	archiveVersion = 1;
	classes = {
	};
	objectVersion = 46;
	objects = {

/* Begin PBXBuildFile section */
		092A0C541ABC2F830057D337 /* MyWinsDetailsViewController.m in Sources */ = {isa = PBXBuildFile; fileRef = 092A0C531ABC2F830057D337 /* MyWinsDetailsViewController.m */; };
		0933154F1AB6F11E0083F111 /* main.m in Sources */ = {isa = PBXBuildFile; fileRef = 0933154E1AB6F11E0083F111 /* main.m */; };
		093315521AB6F11E0083F111 /* AppDelegate.m in Sources */ = {isa = PBXBuildFile; fileRef = 093315511AB6F11E0083F111 /* AppDelegate.m */; };
		093315581AB6F11E0083F111 /* Main.storyboard in Resources */ = {isa = PBXBuildFile; fileRef = 093315561AB6F11E0083F111 /* Main.storyboard */; };
		0933155A1AB6F11F0083F111 /* Images.xcassets in Resources */ = {isa = PBXBuildFile; fileRef = 093315591AB6F11F0083F111 /* Images.xcassets */; };
		0933155D1AB6F11F0083F111 /* LaunchScreen.xib in Resources */ = {isa = PBXBuildFile; fileRef = 0933155B1AB6F11F0083F111 /* LaunchScreen.xib */; };
		093315691AB6F11F0083F111 /* WinPromosTests.m in Sources */ = {isa = PBXBuildFile; fileRef = 093315681AB6F11F0083F111 /* WinPromosTests.m */; };
		093315741AB701A20083F111 /* AddPromoViewController.m in Sources */ = {isa = PBXBuildFile; fileRef = 093315731AB701A20083F111 /* AddPromoViewController.m */; };
		093315781AB7039F0083F111 /* MyPromosListTableViewController.m in Sources */ = {isa = PBXBuildFile; fileRef = 093315771AB7039F0083F111 /* MyPromosListTableViewController.m */; };
		0933157B1AB713070083F111 /* PromoItem.m in Sources */ = {isa = PBXBuildFile; fileRef = 0933157A1AB713070083F111 /* PromoItem.m */; };
		0933157F1AB739D50083F111 /* PromoGameViewController.m in Sources */ = {isa = PBXBuildFile; fileRef = 0933157E1AB739D50083F111 /* PromoGameViewController.m */; };
		0968795E1ABDD81900ADA4B2 /* ListPropertyCellTableViewCell.m in Sources */ = {isa = PBXBuildFile; fileRef = 0968795D1ABDD81900ADA4B2 /* ListPropertyCellTableViewCell.m */; };
		096879611ABDF7B700ADA4B2 /* PromoDetailsViewController.m in Sources */ = {isa = PBXBuildFile; fileRef = 096879601ABDF7B700ADA4B2 /* PromoDetailsViewController.m */; };
		097A2C241ABAC99800DE5C81 /* CrappyBird-master in Resources */ = {isa = PBXBuildFile; fileRef = 097A2C231ABAC99800DE5C81 /* CrappyBird-master */; };
		097A2C261ABB1D8D00DE5C81 /* SlotMachine in Resources */ = {isa = PBXBuildFile; fileRef = 097A2C251ABB1D8D00DE5C81 /* SlotMachine */; };
		09A739661ABF252400B1ADE6 /* PromoTypeUIImageView.m in Sources */ = {isa = PBXBuildFile; fileRef = 09A739651ABF252400B1ADE6 /* PromoTypeUIImageView.m */; };
		09CC75EC1AC0287C0074A122 /* PromosSummaryCellTableViewCell.m in Sources */ = {isa = PBXBuildFile; fileRef = 09CC75EB1AC0287C0074A122 /* PromosSummaryCellTableViewCell.m */; };
		09F31B421ABB91D80019B89D /* MyWinsTableViewController.m in Sources */ = {isa = PBXBuildFile; fileRef = 09F31B411ABB91D80019B89D /* MyWinsTableViewController.m */; };
		30F2AFC955B5793AD5647EA5 /* libPods.a in Frameworks */ = {isa = PBXBuildFile; fileRef = 4A676B11CF815CD5717AF62F /* libPods.a */; };
/* End PBXBuildFile section */

/* Begin PBXContainerItemProxy section */
		093315631AB6F11F0083F111 /* PBXContainerItemProxy */ = {
			isa = PBXContainerItemProxy;
			containerPortal = 093315411AB6F11E0083F111 /* Project object */;
			proxyType = 1;
			remoteGlobalIDString = 093315481AB6F11E0083F111;
			remoteInfo = WinPromos;
		};
/* End PBXContainerItemProxy section */

/* Begin PBXFileReference section */
		092A0C521ABC2F830057D337 /* MyWinsDetailsViewController.h */ = {isa = PBXFileReference; fileEncoding = 4; lastKnownFileType = sourcecode.c.h; path = MyWinsDetailsViewController.h; sourceTree = "<group>"; };
		092A0C531ABC2F830057D337 /* MyWinsDetailsViewController.m */ = {isa = PBXFileReference; fileEncoding = 4; lastKnownFileType = sourcecode.c.objc; path = MyWinsDetailsViewController.m; sourceTree = "<group>"; };
		093315491AB6F11E0083F111 /* WinPromos.app */ = {isa = PBXFileReference; explicitFileType = wrapper.application; includeInIndex = 0; path = WinPromos.app; sourceTree = BUILT_PRODUCTS_DIR; };
		0933154D1AB6F11E0083F111 /* Info.plist */ = {isa = PBXFileReference; lastKnownFileType = text.plist.xml; path = Info.plist; sourceTree = "<group>"; };
		0933154E1AB6F11E0083F111 /* main.m */ = {isa = PBXFileReference; lastKnownFileType = sourcecode.c.objc; path = main.m; sourceTree = "<group>"; };
		093315501AB6F11E0083F111 /* AppDelegate.h */ = {isa = PBXFileReference; lastKnownFileType = sourcecode.c.h; path = AppDelegate.h; sourceTree = "<group>"; };
		093315511AB6F11E0083F111 /* AppDelegate.m */ = {isa = PBXFileReference; lastKnownFileType = sourcecode.c.objc; path = AppDelegate.m; sourceTree = "<group>"; };
		093315571AB6F11E0083F111 /* Base */ = {isa = PBXFileReference; lastKnownFileType = file.storyboard; name = Base; path = Base.lproj/Main.storyboard; sourceTree = "<group>"; };
		093315591AB6F11F0083F111 /* Images.xcassets */ = {isa = PBXFileReference; lastKnownFileType = folder.assetcatalog; path = Images.xcassets; sourceTree = "<group>"; };
		0933155C1AB6F11F0083F111 /* Base */ = {isa = PBXFileReference; lastKnownFileType = file.xib; name = Base; path = Base.lproj/LaunchScreen.xib; sourceTree = "<group>"; };
		093315621AB6F11F0083F111 /* WinPromosTests.xctest */ = {isa = PBXFileReference; explicitFileType = wrapper.cfbundle; includeInIndex = 0; path = WinPromosTests.xctest; sourceTree = BUILT_PRODUCTS_DIR; };
		093315671AB6F11F0083F111 /* Info.plist */ = {isa = PBXFileReference; lastKnownFileType = text.plist.xml; path = Info.plist; sourceTree = "<group>"; };
		093315681AB6F11F0083F111 /* WinPromosTests.m */ = {isa = PBXFileReference; lastKnownFileType = sourcecode.c.objc; path = WinPromosTests.m; sourceTree = "<group>"; };
		093315721AB701A20083F111 /* AddPromoViewController.h */ = {isa = PBXFileReference; fileEncoding = 4; lastKnownFileType = sourcecode.c.h; path = AddPromoViewController.h; sourceTree = "<group>"; };
		093315731AB701A20083F111 /* AddPromoViewController.m */ = {isa = PBXFileReference; fileEncoding = 4; lastKnownFileType = sourcecode.c.objc; path = AddPromoViewController.m; sourceTree = "<group>"; };
		093315761AB7039F0083F111 /* MyPromosListTableViewController.h */ = {isa = PBXFileReference; fileEncoding = 4; lastKnownFileType = sourcecode.c.h; path = MyPromosListTableViewController.h; sourceTree = "<group>"; };
		093315771AB7039F0083F111 /* MyPromosListTableViewController.m */ = {isa = PBXFileReference; fileEncoding = 4; lastKnownFileType = sourcecode.c.objc; path = MyPromosListTableViewController.m; sourceTree = "<group>"; };
		093315791AB713070083F111 /* PromoItem.h */ = {isa = PBXFileReference; fileEncoding = 4; lastKnownFileType = sourcecode.c.h; path = PromoItem.h; sourceTree = "<group>"; };
		0933157A1AB713070083F111 /* PromoItem.m */ = {isa = PBXFileReference; fileEncoding = 4; lastKnownFileType = sourcecode.c.objc; path = PromoItem.m; sourceTree = "<group>"; };
		0933157D1AB739D50083F111 /* PromoGameViewController.h */ = {isa = PBXFileReference; fileEncoding = 4; lastKnownFileType = sourcecode.c.h; name = PromoGameViewController.h; path = WinPromos/PromoGameViewController.h; sourceTree = "<group>"; };
		0933157E1AB739D50083F111 /* PromoGameViewController.m */ = {isa = PBXFileReference; fileEncoding = 4; lastKnownFileType = sourcecode.c.objc; name = PromoGameViewController.m; path = WinPromos/PromoGameViewController.m; sourceTree = "<group>"; };
		0968795C1ABDD81900ADA4B2 /* ListPropertyCellTableViewCell.h */ = {isa = PBXFileReference; fileEncoding = 4; lastKnownFileType = sourcecode.c.h; name = ListPropertyCellTableViewCell.h; path = WinPromos/ListPropertyCellTableViewCell.h; sourceTree = "<group>"; };
		0968795D1ABDD81900ADA4B2 /* ListPropertyCellTableViewCell.m */ = {isa = PBXFileReference; fileEncoding = 4; lastKnownFileType = sourcecode.c.objc; name = ListPropertyCellTableViewCell.m; path = WinPromos/ListPropertyCellTableViewCell.m; sourceTree = "<group>"; };
		0968795F1ABDF7B700ADA4B2 /* PromoDetailsViewController.h */ = {isa = PBXFileReference; fileEncoding = 4; lastKnownFileType = sourcecode.c.h; path = PromoDetailsViewController.h; sourceTree = "<group>"; };
		096879601ABDF7B700ADA4B2 /* PromoDetailsViewController.m */ = {isa = PBXFileReference; fileEncoding = 4; lastKnownFileType = sourcecode.c.objc; path = PromoDetailsViewController.m; sourceTree = "<group>"; };
		097A2C231ABAC99800DE5C81 /* CrappyBird-master */ = {isa = PBXFileReference; lastKnownFileType = folder; name = "CrappyBird-master"; path = "WinPromos/CrappyBird-master"; sourceTree = "<group>"; };
		097A2C251ABB1D8D00DE5C81 /* SlotMachine */ = {isa = PBXFileReference; lastKnownFileType = folder; name = SlotMachine; path = WinPromos/SlotMachine; sourceTree = "<group>"; };
		09A739641ABF252400B1ADE6 /* PromoTypeUIImageView.h */ = {isa = PBXFileReference; fileEncoding = 4; lastKnownFileType = sourcecode.c.h; name = PromoTypeUIImageView.h; path = WinPromos/PromoTypeUIImageView.h; sourceTree = "<group>"; };
		09A739651ABF252400B1ADE6 /* PromoTypeUIImageView.m */ = {isa = PBXFileReference; fileEncoding = 4; lastKnownFileType = sourcecode.c.objc; name = PromoTypeUIImageView.m; path = WinPromos/PromoTypeUIImageView.m; sourceTree = "<group>"; };
		09CC75EA1AC0287C0074A122 /* PromosSummaryCellTableViewCell.h */ = {isa = PBXFileReference; fileEncoding = 4; lastKnownFileType = sourcecode.c.h; path = PromosSummaryCellTableViewCell.h; sourceTree = "<group>"; };
		09CC75EB1AC0287C0074A122 /* PromosSummaryCellTableViewCell.m */ = {isa = PBXFileReference; fileEncoding = 4; lastKnownFileType = sourcecode.c.objc; path = PromosSummaryCellTableViewCell.m; sourceTree = "<group>"; };
		09F31B401ABB91D80019B89D /* MyWinsTableViewController.h */ = {isa = PBXFileReference; fileEncoding = 4; lastKnownFileType = sourcecode.c.h; path = MyWinsTableViewController.h; sourceTree = "<group>"; };
		09F31B411ABB91D80019B89D /* MyWinsTableViewController.m */ = {isa = PBXFileReference; fileEncoding = 4; lastKnownFileType = sourcecode.c.objc; path = MyWinsTableViewController.m; sourceTree = "<group>"; };
		4A676B11CF815CD5717AF62F /* libPods.a */ = {isa = PBXFileReference; explicitFileType = archive.ar; includeInIndex = 0; path = libPods.a; sourceTree = BUILT_PRODUCTS_DIR; };
		9BB66B8A3F371D06BCA4A255 /* Pods.debug.xcconfig */ = {isa = PBXFileReference; includeInIndex = 1; lastKnownFileType = text.xcconfig; name = Pods.debug.xcconfig; path = "Pods/Target Support Files/Pods/Pods.debug.xcconfig"; sourceTree = "<group>"; };
		F857312744A04E821A4EBB95 /* Pods.release.xcconfig */ = {isa = PBXFileReference; includeInIndex = 1; lastKnownFileType = text.xcconfig; name = Pods.release.xcconfig; path = "Pods/Target Support Files/Pods/Pods.release.xcconfig"; sourceTree = "<group>"; };
/* End PBXFileReference section */

/* Begin PBXFrameworksBuildPhase section */
		093315461AB6F11E0083F111 /* Frameworks */ = {
			isa = PBXFrameworksBuildPhase;
			buildActionMask = 2147483647;
			files = (
				30F2AFC955B5793AD5647EA5 /* libPods.a in Frameworks */,
			);
			runOnlyForDeploymentPostprocessing = 0;
		};
		0933155F1AB6F11F0083F111 /* Frameworks */ = {
			isa = PBXFrameworksBuildPhase;
			buildActionMask = 2147483647;
			files = (
			);
			runOnlyForDeploymentPostprocessing = 0;
		};
/* End PBXFrameworksBuildPhase section */

/* Begin PBXGroup section */
		092A0C551ABC2F9D0057D337 /* Promos */ = {
			isa = PBXGroup;
			children = (
				09CC75EA1AC0287C0074A122 /* PromosSummaryCellTableViewCell.h */,
				09CC75EB1AC0287C0074A122 /* PromosSummaryCellTableViewCell.m */,
				0968795C1ABDD81900ADA4B2 /* ListPropertyCellTableViewCell.h */,
				0968795D1ABDD81900ADA4B2 /* ListPropertyCellTableViewCell.m */,
				093315761AB7039F0083F111 /* MyPromosListTableViewController.h */,
				093315771AB7039F0083F111 /* MyPromosListTableViewController.m */,
				0933157D1AB739D50083F111 /* PromoGameViewController.h */,
				0933157E1AB739D50083F111 /* PromoGameViewController.m */,
				0968795F1ABDF7B700ADA4B2 /* PromoDetailsViewController.h */,
				096879601ABDF7B700ADA4B2 /* PromoDetailsViewController.m */,
			);
			name = Promos;
			sourceTree = "<group>";
		};
		092A0C561ABC2FAA0057D337 /* Wins */ = {
			isa = PBXGroup;
			children = (
				09F31B401ABB91D80019B89D /* MyWinsTableViewController.h */,
				09F31B411ABB91D80019B89D /* MyWinsTableViewController.m */,
				092A0C521ABC2F830057D337 /* MyWinsDetailsViewController.h */,
				092A0C531ABC2F830057D337 /* MyWinsDetailsViewController.m */,
			);
			name = Wins;
			sourceTree = "<group>";
		};
		093315401AB6F11E0083F111 = {
			isa = PBXGroup;
			children = (
				09CD0DC71ABF3B8D00C8AD8A /* View */,
				09CD0DC61ABF3B5200C8AD8A /* Games */,
				0933157C1AB713100083F111 /* Model */,
				093315751AB703410083F111 /* ViewControllers */,
				0933154B1AB6F11E0083F111 /* WinPromos */,
				093315651AB6F11F0083F111 /* WinPromosTests */,
				0933154A1AB6F11E0083F111 /* Products */,
				7E09350A3C581E3A1C6D9C75 /* Pods */,
				B4C953DDE6B25562AE9FBFF2 /* Frameworks */,
			);
			sourceTree = "<group>";
		};
		0933154A1AB6F11E0083F111 /* Products */ = {
			isa = PBXGroup;
			children = (
				093315491AB6F11E0083F111 /* WinPromos.app */,
				093315621AB6F11F0083F111 /* WinPromosTests.xctest */,
			);
			name = Products;
			sourceTree = "<group>";
		};
		0933154B1AB6F11E0083F111 /* WinPromos */ = {
			isa = PBXGroup;
			children = (
				093315501AB6F11E0083F111 /* AppDelegate.h */,
				093315511AB6F11E0083F111 /* AppDelegate.m */,
				093315591AB6F11F0083F111 /* Images.xcassets */,
				0933155B1AB6F11F0083F111 /* LaunchScreen.xib */,
				0933154C1AB6F11E0083F111 /* Supporting Files */,
			);
			path = WinPromos;
			sourceTree = "<group>";
		};
		0933154C1AB6F11E0083F111 /* Supporting Files */ = {
			isa = PBXGroup;
			children = (
				0933154D1AB6F11E0083F111 /* Info.plist */,
				0933154E1AB6F11E0083F111 /* main.m */,
			);
			name = "Supporting Files";
			sourceTree = "<group>";
		};
		093315651AB6F11F0083F111 /* WinPromosTests */ = {
			isa = PBXGroup;
			children = (
				093315681AB6F11F0083F111 /* WinPromosTests.m */,
				093315661AB6F11F0083F111 /* Supporting Files */,
			);
			path = WinPromosTests;
			sourceTree = "<group>";
		};
		093315661AB6F11F0083F111 /* Supporting Files */ = {
			isa = PBXGroup;
			children = (
				093315671AB6F11F0083F111 /* Info.plist */,
			);
			name = "Supporting Files";
			sourceTree = "<group>";
		};
		093315751AB703410083F111 /* ViewControllers */ = {
			isa = PBXGroup;
			children = (
				09A739671ABF274A00B1ADE6 /* AddAPromo */,
				092A0C551ABC2F9D0057D337 /* Promos */,
				092A0C561ABC2FAA0057D337 /* Wins */,
			);
			name = ViewControllers;
			sourceTree = "<group>";
		};
		0933157C1AB713100083F111 /* Model */ = {
			isa = PBXGroup;
			children = (
				093315791AB713070083F111 /* PromoItem.h */,
				0933157A1AB713070083F111 /* PromoItem.m */,
				09A739641ABF252400B1ADE6 /* PromoTypeUIImageView.h */,
				09A739651ABF252400B1ADE6 /* PromoTypeUIImageView.m */,
			);
			name = Model;
			sourceTree = "<group>";
		};
		09A739671ABF274A00B1ADE6 /* AddAPromo */ = {
			isa = PBXGroup;
			children = (
				093315721AB701A20083F111 /* AddPromoViewController.h */,
				093315731AB701A20083F111 /* AddPromoViewController.m */,
			);
			name = AddAPromo;
			sourceTree = "<group>";
		};
		09CD0DC61ABF3B5200C8AD8A /* Games */ = {
			isa = PBXGroup;
			children = (
				097A2C231ABAC99800DE5C81 /* CrappyBird-master */,
				097A2C251ABB1D8D00DE5C81 /* SlotMachine */,
			);
			name = Games;
			sourceTree = "<group>";
		};
		09CD0DC71ABF3B8D00C8AD8A /* View */ = {
			isa = PBXGroup;
			children = (
				093315561AB6F11E0083F111 /* Main.storyboard */,
			);
			name = View;
			sourceTree = "<group>";
		};
		7E09350A3C581E3A1C6D9C75 /* Pods */ = {
			isa = PBXGroup;
			children = (
				9BB66B8A3F371D06BCA4A255 /* Pods.debug.xcconfig */,
				F857312744A04E821A4EBB95 /* Pods.release.xcconfig */,
			);
			name = Pods;
			sourceTree = "<group>";
		};
		B4C953DDE6B25562AE9FBFF2 /* Frameworks */ = {
			isa = PBXGroup;
			children = (
				4A676B11CF815CD5717AF62F /* libPods.a */,
			);
			name = Frameworks;
			sourceTree = "<group>";
		};
/* End PBXGroup section */

/* Begin PBXNativeTarget section */
		093315481AB6F11E0083F111 /* WinPromos */ = {
			isa = PBXNativeTarget;
			buildConfigurationList = 0933156C1AB6F11F0083F111 /* Build configuration list for PBXNativeTarget "WinPromos" */;
			buildPhases = (
				86325221DC03238770DDC5AE /* Check Pods Manifest.lock */,
				093315451AB6F11E0083F111 /* Sources */,
				093315461AB6F11E0083F111 /* Frameworks */,
				093315471AB6F11E0083F111 /* Resources */,
				C50286A07430ED31E16B7C5E /* Copy Pods Resources */,
			);
			buildRules = (
			);
			dependencies = (
			);
			name = WinPromos;
			productName = WinPromos;
			productReference = 093315491AB6F11E0083F111 /* WinPromos.app */;
			productType = "com.apple.product-type.application";
		};
		093315611AB6F11F0083F111 /* WinPromosTests */ = {
			isa = PBXNativeTarget;
			buildConfigurationList = 0933156F1AB6F11F0083F111 /* Build configuration list for PBXNativeTarget "WinPromosTests" */;
			buildPhases = (
				0933155E1AB6F11F0083F111 /* Sources */,
				0933155F1AB6F11F0083F111 /* Frameworks */,
				093315601AB6F11F0083F111 /* Resources */,
			);
			buildRules = (
			);
			dependencies = (
				093315641AB6F11F0083F111 /* PBXTargetDependency */,
			);
			name = WinPromosTests;
			productName = WinPromosTests;
			productReference = 093315621AB6F11F0083F111 /* WinPromosTests.xctest */;
			productType = "com.apple.product-type.bundle.unit-test";
		};
/* End PBXNativeTarget section */

/* Begin PBXProject section */
		093315411AB6F11E0083F111 /* Project object */ = {
			isa = PBXProject;
			attributes = {
				LastUpgradeCheck = 0610;
				ORGANIZATIONNAME = IronHack;
				TargetAttributes = {
					093315481AB6F11E0083F111 = {
						CreatedOnToolsVersion = 6.1.1;
					};
					093315611AB6F11F0083F111 = {
						CreatedOnToolsVersion = 6.1.1;
						TestTargetID = 093315481AB6F11E0083F111;
					};
				};
			};
			buildConfigurationList = 093315441AB6F11E0083F111 /* Build configuration list for PBXProject "WinPromos" */;
			compatibilityVersion = "Xcode 3.2";
			developmentRegion = English;
			hasScannedForEncodings = 0;
			knownRegions = (
				en,
				Base,
			);
			mainGroup = 093315401AB6F11E0083F111;
			productRefGroup = 0933154A1AB6F11E0083F111 /* Products */;
			projectDirPath = "";
			projectRoot = "";
			targets = (
				093315481AB6F11E0083F111 /* WinPromos */,
				093315611AB6F11F0083F111 /* WinPromosTests */,
			);
		};
/* End PBXProject section */

/* Begin PBXResourcesBuildPhase section */
		093315471AB6F11E0083F111 /* Resources */ = {
			isa = PBXResourcesBuildPhase;
			buildActionMask = 2147483647;
			files = (
				097A2C261ABB1D8D00DE5C81 /* SlotMachine in Resources */,
				093315581AB6F11E0083F111 /* Main.storyboard in Resources */,
				0933155D1AB6F11F0083F111 /* LaunchScreen.xib in Resources */,
				0933155A1AB6F11F0083F111 /* Images.xcassets in Resources */,
				097A2C241ABAC99800DE5C81 /* CrappyBird-master in Resources */,
			);
			runOnlyForDeploymentPostprocessing = 0;
		};
		093315601AB6F11F0083F111 /* Resources */ = {
			isa = PBXResourcesBuildPhase;
			buildActionMask = 2147483647;
			files = (
			);
			runOnlyForDeploymentPostprocessing = 0;
		};
/* End PBXResourcesBuildPhase section */

/* Begin PBXShellScriptBuildPhase section */
		86325221DC03238770DDC5AE /* Check Pods Manifest.lock */ = {
			isa = PBXShellScriptBuildPhase;
			buildActionMask = 2147483647;
			files = (
			);
			inputPaths = (
			);
			name = "Check Pods Manifest.lock";
			outputPaths = (
			);
			runOnlyForDeploymentPostprocessing = 0;
			shellPath = /bin/sh;
			shellScript = "diff \"${PODS_ROOT}/../Podfile.lock\" \"${PODS_ROOT}/Manifest.lock\" > /dev/null\nif [[ $? != 0 ]] ; then\n    cat << EOM\nerror: The sandbox is not in sync with the Podfile.lock. Run 'pod install' or update your CocoaPods installation.\nEOM\n    exit 1\nfi\n";
			showEnvVarsInLog = 0;
		};
		C50286A07430ED31E16B7C5E /* Copy Pods Resources */ = {
			isa = PBXShellScriptBuildPhase;
			buildActionMask = 2147483647;
			files = (
			);
			inputPaths = (
			);
			name = "Copy Pods Resources";
			outputPaths = (
			);
			runOnlyForDeploymentPostprocessing = 0;
			shellPath = /bin/sh;
			shellScript = "\"${SRCROOT}/Pods/Target Support Files/Pods/Pods-resources.sh\"\n";
			showEnvVarsInLog = 0;
		};
/* End PBXShellScriptBuildPhase section */

/* Begin PBXSourcesBuildPhase section */
		093315451AB6F11E0083F111 /* Sources */ = {
			isa = PBXSourcesBuildPhase;
			buildActionMask = 2147483647;
			files = (
				09CC75EC1AC0287C0074A122 /* PromosSummaryCellTableViewCell.m in Sources */,
				093315521AB6F11E0083F111 /* AppDelegate.m in Sources */,
				093315741AB701A20083F111 /* AddPromoViewController.m in Sources */,
				0933154F1AB6F11E0083F111 /* main.m in Sources */,
				09F31B421ABB91D80019B89D /* MyWinsTableViewController.m in Sources */,
				09A739661ABF252400B1ADE6 /* PromoTypeUIImageView.m in Sources */,
				092A0C541ABC2F830057D337 /* MyWinsDetailsViewController.m in Sources */,
				0933157F1AB739D50083F111 /* PromoGameViewController.m in Sources */,
				0933157B1AB713070083F111 /* PromoItem.m in Sources */,
				096879611ABDF7B700ADA4B2 /* PromoDetailsViewController.m in Sources */,
				0968795E1ABDD81900ADA4B2 /* ListPropertyCellTableViewCell.m in Sources */,
				093315781AB7039F0083F111 /* MyPromosListTableViewController.m in Sources */,
			);
			runOnlyForDeploymentPostprocessing = 0;
		};
		0933155E1AB6F11F0083F111 /* Sources */ = {
			isa = PBXSourcesBuildPhase;
			buildActionMask = 2147483647;
			files = (
				093315691AB6F11F0083F111 /* WinPromosTests.m in Sources */,
			);
			runOnlyForDeploymentPostprocessing = 0;
		};
/* End PBXSourcesBuildPhase section */

/* Begin PBXTargetDependency section */
		093315641AB6F11F0083F111 /* PBXTargetDependency */ = {
			isa = PBXTargetDependency;
			target = 093315481AB6F11E0083F111 /* WinPromos */;
			targetProxy = 093315631AB6F11F0083F111 /* PBXContainerItemProxy */;
		};
/* End PBXTargetDependency section */

/* Begin PBXVariantGroup section */
		093315561AB6F11E0083F111 /* Main.storyboard */ = {
			isa = PBXVariantGroup;
			children = (
				093315571AB6F11E0083F111 /* Base */,
			);
			name = Main.storyboard;
			path = WinPromos;
			sourceTree = "<group>";
		};
		0933155B1AB6F11F0083F111 /* LaunchScreen.xib */ = {
			isa = PBXVariantGroup;
			children = (
				0933155C1AB6F11F0083F111 /* Base */,
			);
			name = LaunchScreen.xib;
			sourceTree = "<group>";
		};
/* End PBXVariantGroup section */

/* Begin XCBuildConfiguration section */
		0933156A1AB6F11F0083F111 /* Debug */ = {
			isa = XCBuildConfiguration;
			buildSettings = {
				ALWAYS_SEARCH_USER_PATHS = NO;
				CLANG_CXX_LANGUAGE_STANDARD = "gnu++0x";
				CLANG_CXX_LIBRARY = "libc++";
				CLANG_ENABLE_MODULES = YES;
				CLANG_ENABLE_OBJC_ARC = YES;
				CLANG_WARN_BOOL_CONVERSION = YES;
				CLANG_WARN_CONSTANT_CONVERSION = YES;
				CLANG_WARN_DIRECT_OBJC_ISA_USAGE = YES_ERROR;
				CLANG_WARN_EMPTY_BODY = YES;
				CLANG_WARN_ENUM_CONVERSION = YES;
				CLANG_WARN_INT_CONVERSION = YES;
				CLANG_WARN_OBJC_ROOT_CLASS = YES_ERROR;
				CLANG_WARN_UNREACHABLE_CODE = YES;
				CLANG_WARN__DUPLICATE_METHOD_MATCH = YES;
				"CODE_SIGN_IDENTITY[sdk=iphoneos*]" = "iPhone Developer";
				COPY_PHASE_STRIP = NO;
				ENABLE_STRICT_OBJC_MSGSEND = YES;
				GCC_C_LANGUAGE_STANDARD = gnu99;
				GCC_DYNAMIC_NO_PIC = NO;
				GCC_OPTIMIZATION_LEVEL = 0;
				GCC_PREPROCESSOR_DEFINITIONS = (
					"DEBUG=1",
					"$(inherited)",
				);
				GCC_SYMBOLS_PRIVATE_EXTERN = NO;
				GCC_WARN_64_TO_32_BIT_CONVERSION = YES;
				GCC_WARN_ABOUT_RETURN_TYPE = YES_ERROR;
				GCC_WARN_UNDECLARED_SELECTOR = YES;
				GCC_WARN_UNINITIALIZED_AUTOS = YES_AGGRESSIVE;
				GCC_WARN_UNUSED_FUNCTION = YES;
				GCC_WARN_UNUSED_VARIABLE = YES;
				IPHONEOS_DEPLOYMENT_TARGET = 8.1;
				MTL_ENABLE_DEBUG_INFO = YES;
				ONLY_ACTIVE_ARCH = YES;
				SDKROOT = iphoneos;
			};
			name = Debug;
		};
		0933156B1AB6F11F0083F111 /* Release */ = {
			isa = XCBuildConfiguration;
			buildSettings = {
				ALWAYS_SEARCH_USER_PATHS = NO;
				CLANG_CXX_LANGUAGE_STANDARD = "gnu++0x";
				CLANG_CXX_LIBRARY = "libc++";
				CLANG_ENABLE_MODULES = YES;
				CLANG_ENABLE_OBJC_ARC = YES;
				CLANG_WARN_BOOL_CONVERSION = YES;
				CLANG_WARN_CONSTANT_CONVERSION = YES;
				CLANG_WARN_DIRECT_OBJC_ISA_USAGE = YES_ERROR;
				CLANG_WARN_EMPTY_BODY = YES;
				CLANG_WARN_ENUM_CONVERSION = YES;
				CLANG_WARN_INT_CONVERSION = YES;
				CLANG_WARN_OBJC_ROOT_CLASS = YES_ERROR;
				CLANG_WARN_UNREACHABLE_CODE = YES;
				CLANG_WARN__DUPLICATE_METHOD_MATCH = YES;
				"CODE_SIGN_IDENTITY[sdk=iphoneos*]" = "iPhone Developer";
				COPY_PHASE_STRIP = YES;
				ENABLE_NS_ASSERTIONS = NO;
				ENABLE_STRICT_OBJC_MSGSEND = YES;
				GCC_C_LANGUAGE_STANDARD = gnu99;
				GCC_WARN_64_TO_32_BIT_CONVERSION = YES;
				GCC_WARN_ABOUT_RETURN_TYPE = YES_ERROR;
				GCC_WARN_UNDECLARED_SELECTOR = YES;
				GCC_WARN_UNINITIALIZED_AUTOS = YES_AGGRESSIVE;
				GCC_WARN_UNUSED_FUNCTION = YES;
				GCC_WARN_UNUSED_VARIABLE = YES;
				IPHONEOS_DEPLOYMENT_TARGET = 8.1;
				MTL_ENABLE_DEBUG_INFO = NO;
				SDKROOT = iphoneos;
				VALIDATE_PRODUCT = YES;
			};
			name = Release;
		};
		0933156D1AB6F11F0083F111 /* Debug */ = {
			isa = XCBuildConfiguration;
			baseConfigurationReference = 9BB66B8A3F371D06BCA4A255 /* Pods.debug.xcconfig */;
			buildSettings = {
				ASSETCATALOG_COMPILER_APPICON_NAME = AppIcon;
				INFOPLIST_FILE = WinPromos/Info.plist;
				LD_RUNPATH_SEARCH_PATHS = "$(inherited) @executable_path/Frameworks";
				PRODUCT_NAME = "$(TARGET_NAME)";
			};
			name = Debug;
		};
		0933156E1AB6F11F0083F111 /* Release */ = {
			isa = XCBuildConfiguration;
			baseConfigurationReference = F857312744A04E821A4EBB95 /* Pods.release.xcconfig */;
			buildSettings = {
				ASSETCATALOG_COMPILER_APPICON_NAME = AppIcon;
				INFOPLIST_FILE = WinPromos/Info.plist;
				LD_RUNPATH_SEARCH_PATHS = "$(inherited) @executable_path/Frameworks";
				PRODUCT_NAME = "$(TARGET_NAME)";
			};
			name = Release;
		};
		093315701AB6F11F0083F111 /* Debug */ = {
			isa = XCBuildConfiguration;
			buildSettings = {
				BUNDLE_LOADER = "$(TEST_HOST)";
				FRAMEWORK_SEARCH_PATHS = (
					"$(SDKROOT)/Developer/Library/Frameworks",
					"$(inherited)",
				);
				GCC_PREPROCESSOR_DEFINITIONS = (
					"DEBUG=1",
					"$(inherited)",
				);
				INFOPLIST_FILE = WinPromosTests/Info.plist;
				LD_RUNPATH_SEARCH_PATHS = "$(inherited) @executable_path/Frameworks @loader_path/Frameworks";
				PRODUCT_NAME = "$(TARGET_NAME)";
				TEST_HOST = "$(BUILT_PRODUCTS_DIR)/WinPromos.app/WinPromos";
			};
			name = Debug;
		};
		093315711AB6F11F0083F111 /* Release */ = {
			isa = XCBuildConfiguration;
			buildSettings = {
				BUNDLE_LOADER = "$(TEST_HOST)";
				FRAMEWORK_SEARCH_PATHS = (
					"$(SDKROOT)/Developer/Library/Frameworks",
					"$(inherited)",
				);
				INFOPLIST_FILE = WinPromosTests/Info.plist;
				LD_RUNPATH_SEARCH_PATHS = "$(inherited) @executable_path/Frameworks @loader_path/Frameworks";
				PRODUCT_NAME = "$(TARGET_NAME)";
				TEST_HOST = "$(BUILT_PRODUCTS_DIR)/WinPromos.app/WinPromos";
			};
			name = Release;
		};
/* End XCBuildConfiguration section */

/* Begin XCConfigurationList section */
		093315441AB6F11E0083F111 /* Build configuration list for PBXProject "WinPromos" */ = {
			isa = XCConfigurationList;
			buildConfigurations = (
				0933156A1AB6F11F0083F111 /* Debug */,
				0933156B1AB6F11F0083F111 /* Release */,
			);
			defaultConfigurationIsVisible = 0;
			defaultConfigurationName = Release;
		};
		0933156C1AB6F11F0083F111 /* Build configuration list for PBXNativeTarget "WinPromos" */ = {
			isa = XCConfigurationList;
			buildConfigurations = (
				0933156D1AB6F11F0083F111 /* Debug */,
				0933156E1AB6F11F0083F111 /* Release */,
			);
			defaultConfigurationIsVisible = 0;
			defaultConfigurationName = Release;
		};
		0933156F1AB6F11F0083F111 /* Build configuration list for PBXNativeTarget "WinPromosTests" */ = {
			isa = XCConfigurationList;
			buildConfigurations = (
				093315701AB6F11F0083F111 /* Debug */,
				093315711AB6F11F0083F111 /* Release */,
			);
			defaultConfigurationIsVisible = 0;
			defaultConfigurationName = Release;
		};
/* End XCConfigurationList section */
	};
	rootObject = 093315411AB6F11E0083F111 /* Project object */;
}
